
Microsoft Visual Studio Solution File, Format Version 12.00
# Visual Studio Version 16
VisualStudioVersion = 16.0.29519.87
MinimumVisualStudioVersion = 10.0.40219.1
Project("{FAE04EC0-301F-11D3-BF4B-00C04F79EFBC}") = "DroneSimTest", "DroneSimulator.API\DroneSimTest\DroneSimTest.csproj", "{95089C45-C7E4-4549-A327-A3F5A0785E97}"
EndProject
Global
	GlobalSection(SolutionConfigurationPlatforms) = preSolution
		Debug|Any CPU = Debug|Any CPU
		Release|Any CPU = Release|Any CPU
	EndGlobalSection
	GlobalSection(ProjectConfigurationPlatforms) = postSolution
		{95089C45-C7E4-4549-A327-A3F5A0785E97}.Debug|Any CPU.ActiveCfg = Debug|Any CPU
		{95089C45-C7E4-4549-A327-A3F5A0785E97}.Debug|Any CPU.Build.0 = Debug|Any CPU
		{95089C45-C7E4-4549-A327-A3F5A0785E97}.Release|Any CPU.ActiveCfg = Release|Any CPU
		{95089C45-C7E4-4549-A327-A3F5A0785E97}.Release|Any CPU.Build.0 = Release|Any CPU
	EndGlobalSection
	GlobalSection(SolutionProperties) = preSolution
		HideSolutionNode = FALSE
	EndGlobalSection
	GlobalSection(ExtensibilityGlobals) = postSolution
		SolutionGuid = {F89004E5-3CBE-469D-92F0-0372754B1AB3}
	EndGlobalSection
EndGlobal
