
Microsoft Visual Studio Solution File, Format Version 12.00
# Visual Studio 15
Project("{FAE04EC0-301F-11D3-BF4B-00C04F79EFBC}") = "alert_state_machine", "alert_state_machine.csproj", "{95EDF3A8-46DD-4E6D-87D7-E7A57038D75E}"
EndProject
Global
	GlobalSection(SolutionConfigurationPlatforms) = preSolution
		Debug|Any CPU = Debug|Any CPU
		Release|Any CPU = Release|Any CPU
	EndGlobalSection
	GlobalSection(ProjectConfigurationPlatforms) = postSolution
		{95EDF3A8-46DD-4E6D-87D7-E7A57038D75E}.Debug|Any CPU.ActiveCfg = Debug|Any CPU
		{95EDF3A8-46DD-4E6D-87D7-E7A57038D75E}.Debug|Any CPU.Build.0 = Debug|Any CPU
		{95EDF3A8-46DD-4E6D-87D7-E7A57038D75E}.Release|Any CPU.ActiveCfg = Release|Any CPU
		{95EDF3A8-46DD-4E6D-87D7-E7A57038D75E}.Release|Any CPU.Build.0 = Release|Any CPU
	EndGlobalSection
EndGlobal
