
Microsoft Visual Studio Solution File, Format Version 12.00
# Visual Studio Version 16
VisualStudioVersion = 16.0.29519.87
MinimumVisualStudioVersion = 10.0.40219.1
Project("{FAE04EC0-301F-11D3-BF4B-00C04F79EFBC}") = "reportIncident.API", "reportIncident.API.csproj", "{DF5EE14A-5A42-4A5C-BE6C-B80266C1E85E}"
EndProject
Global
	GlobalSection(SolutionConfigurationPlatforms) = preSolution
		Debug|Any CPU = Debug|Any CPU
		Release|Any CPU = Release|Any CPU
	EndGlobalSection
	GlobalSection(ProjectConfigurationPlatforms) = postSolution
		{DF5EE14A-5A42-4A5C-BE6C-B80266C1E85E}.Debug|Any CPU.ActiveCfg = Debug|Any CPU
		{DF5EE14A-5A42-4A5C-BE6C-B80266C1E85E}.Debug|Any CPU.Build.0 = Debug|Any CPU
		{DF5EE14A-5A42-4A5C-BE6C-B80266C1E85E}.Release|Any CPU.ActiveCfg = Release|Any CPU
		{DF5EE14A-5A42-4A5C-BE6C-B80266C1E85E}.Release|Any CPU.Build.0 = Release|Any CPU
	EndGlobalSection
	GlobalSection(SolutionProperties) = preSolution
		HideSolutionNode = FALSE
	EndGlobalSection
	GlobalSection(ExtensibilityGlobals) = postSolution
		SolutionGuid = {E174560E-485D-42EF-8A99-CEE391E1D554}
	EndGlobalSection
EndGlobal
