Microsoft Visual Studio Solution File, Format Version 12.00
# Visual Studio Version 16
VisualStudioVersion = 16.0.29519.87
MinimumVisualStudioVersion = 10.0.40219.1
Project("{9A19103F-16F7-4668-BE54-9A1E7A4F7556}") = "DroneSimulator.API", "DroneSimulator.API\DroneSimulator.API.csproj", "{A154CEE1-4407-4582-B3C7-684067BA0544}"
EndProject
Project("{FAE04EC0-301F-11D3-BF4B-00C04F79EFBC}") = "DroneSimulator.Tests", "DroneSimulator.Tests\DroneSimulator.Tests.csproj", "{BE8643BE-358E-49C8-8550-CDF43C469D5F}"
EndProject
Global
	GlobalSection(SolutionConfigurationPlatforms) = preSolution
		Debug|Any CPU = Debug|Any CPU
		Release|Any CPU = Release|Any CPU
	EndGlobalSection
	GlobalSection(ProjectConfigurationPlatforms) = postSolution
		{A154CEE1-4407-4582-B3C7-684067BA0544}.Debug|Any CPU.ActiveCfg = Debug|Any CPU
		{A154CEE1-4407-4582-B3C7-684067BA0544}.Debug|Any CPU.Build.0 = Debug|Any CPU
		{A154CEE1-4407-4582-B3C7-684067BA0544}.Release|Any CPU.ActiveCfg = Release|Any CPU
		{A154CEE1-4407-4582-B3C7-684067BA0544}.Release|Any CPU.Build.0 = Release|Any CPU
		{BE8643BE-358E-49C8-8550-CDF43C469D5F}.Debug|Any CPU.ActiveCfg = Debug|Any CPU
		{BE8643BE-358E-49C8-8550-CDF43C469D5F}.Debug|Any CPU.Build.0 = Debug|Any CPU
		{BE8643BE-358E-49C8-8550-CDF43C469D5F}.Release|Any CPU.ActiveCfg = Release|Any CPU
		{BE8643BE-358E-49C8-8550-CDF43C469D5F}.Release|Any CPU.Build.0 = Release|Any CPU
	EndGlobalSection
	GlobalSection(SolutionProperties) = preSolution
		HideSolutionNode = FALSE
	EndGlobalSection
	GlobalSection(ExtensibilityGlobals) = postSolution
		SolutionGuid = {A2EE6B43-8F4F-487F-B53B-15E7F06C30C3}
	EndGlobalSection
EndGlobal
